PODS:
  - Capacitor (7.6.0):
    - CapacitorCordova
  - CapacitorApp (7.1.2):
    - Capacitor
  - CapacitorCordova (7.6.0)

DEPENDENCIES:
  - "Capacitor (from `../../node_modules/@capacitor/ios`)"
  - "CapacitorApp (from `../../node_modules/@capacitor/app`)"
  - "CapacitorCordova (from `../../node_modules/@capacitor/ios`)"

EXTERNAL SOURCES:
  Capacitor:
    :path: "../../node_modules/@capacitor/ios"
  CapacitorApp:
    :path: "../../node_modules/@capacitor/app"
  CapacitorCordova:
    :path: "../../node_modules/@capacitor/ios"

SPEC CHECKSUMS:
  Capacitor: 6e644e9e3369368ac601c77a0fad57f34b78aaa6
  CapacitorApp: f01a913211780e0718dae9750442c3e23f96e106
  CapacitorCordova: f163aa2e84b79efc54d6a75b305bc7e05fb80c5d

PODFILE CHECKSUM: 992ab7669c1ab6196b4f4288a1f54126040edd42

COCOAPODS: 1.16.2
